
Microsoft Visual Studio Solution File, Format Version 12.00
# Visual Studio Version 16
VisualStudioVersion = 16.0.31729.503
MinimumVisualStudioVersion = 10.0.40219.1
Project("{8BC9CEB8-8B4A-11D0-8D11-00A0C91BC942}") = "AISD_LAB1", "AISD_LAB1.vcxproj", "{2D50CB40-0E7E-46F3-A328-B906DC568E99}"
EndProject
Global
	GlobalSection(SolutionConfigurationPlatforms) = preSolution
		Debug|x64 = Debug|x64
		Debug|x86 = Debug|x86
		Release|x64 = Release|x64
		Release|x86 = Release|x86
	EndGlobalSection
	GlobalSection(ProjectConfigurationPlatforms) = postSolution
		{2D50CB40-0E7E-46F3-A328-B906DC568E99}.Debug|x64.ActiveCfg = Debug|x64
		{2D50CB40-0E7E-46F3-A328-B906DC568E99}.Debug|x64.Build.0 = Debug|x64
		{2D50CB40-0E7E-46F3-A328-B906DC568E99}.Debug|x86.ActiveCfg = Debug|Win32
		{2D50CB40-0E7E-46F3-A328-B906DC568E99}.Debug|x86.Build.0 = Debug|Win32
		{2D50CB40-0E7E-46F3-A328-B906DC568E99}.Release|x64.ActiveCfg = Release|x64
		{2D50CB40-0E7E-46F3-A328-B906DC568E99}.Release|x64.Build.0 = Release|x64
		{2D50CB40-0E7E-46F3-A328-B906DC568E99}.Release|x86.ActiveCfg = Release|Win32
		{2D50CB40-0E7E-46F3-A328-B906DC568E99}.Release|x86.Build.0 = Release|Win32
	EndGlobalSection
	GlobalSection(SolutionProperties) = preSolution
		HideSolutionNode = FALSE
	EndGlobalSection
	GlobalSection(ExtensibilityGlobals) = postSolution
		SolutionGuid = {DE192027-8C3C-4383-A63D-DAA796B430CC}
	EndGlobalSection
EndGlobal
